
Microsoft Visual Studio Solution File, Format Version 12.00
# Visual Studio 15
VisualStudioVersion = 15.0.27428.2015
MinimumVisualStudioVersion = 10.0.40219.1
Project("{8BC9CEB8-8B4A-11D0-8D11-00A0C91BC942}") = "Problem Solving", "Problem Solving.vcxproj", "{FCFB7E1C-568C-471D-844F-0DC28B1E2C11}"
EndProject
Global
	GlobalSection(SolutionConfigurationPlatforms) = preSolution
		Debug|x64 = Debug|x64
		Debug|x86 = Debug|x86
		Release|x64 = Release|x64
		Release|x86 = Release|x86
	EndGlobalSection
	GlobalSection(ProjectConfigurationPlatforms) = postSolution
		{FCFB7E1C-568C-471D-844F-0DC28B1E2C11}.Debug|x64.ActiveCfg = Debug|x64
		{FCFB7E1C-568C-471D-844F-0DC28B1E2C11}.Debug|x64.Build.0 = Debug|x64
		{FCFB7E1C-568C-471D-844F-0DC28B1E2C11}.Debug|x86.ActiveCfg = Debug|Win32
		{FCFB7E1C-568C-471D-844F-0DC28B1E2C11}.Debug|x86.Build.0 = Debug|Win32
		{FCFB7E1C-568C-471D-844F-0DC28B1E2C11}.Release|x64.ActiveCfg = Release|x64
		{FCFB7E1C-568C-471D-844F-0DC28B1E2C11}.Release|x64.Build.0 = Release|x64
		{FCFB7E1C-568C-471D-844F-0DC28B1E2C11}.Release|x86.ActiveCfg = Release|Win32
		{FCFB7E1C-568C-471D-844F-0DC28B1E2C11}.Release|x86.Build.0 = Release|Win32
	EndGlobalSection
	GlobalSection(SolutionProperties) = preSolution
		HideSolutionNode = FALSE
	EndGlobalSection
	GlobalSection(ExtensibilityGlobals) = postSolution
		SolutionGuid = {2389C7D7-6417-4745-84C7-7546C56700A1}
	EndGlobalSection
EndGlobal
